
Microsoft Visual Studio Solution File, Format Version 12.00
# Visual Studio Version 17
VisualStudioVersion = 17.0.31903.59
MinimumVisualStudioVersion = 10.0.40219.1
Project("{2150E333-8FDC-42A3-9474-1A3956D46DE8}") = "src", "src", "{7F3AA325-4E93-4CF8-914A-27B940A4EFBA}"
EndProject
Project("{FAE04EC0-301F-11D3-BF4B-00C04F79EFBC}") = "OpenWardrobe.Shared.DotNet.Extentions", "src\OpenWardrobe.Shared.DotNet.Extentions\OpenWardrobe.Shared.DotNet.Extentions.csproj", "{BBD4673E-DD70-4398-BAE6-B49CA02E6239}"
EndProject
Global
	GlobalSection(SolutionConfigurationPlatforms) = preSolution
		Debug|Any CPU = Debug|Any CPU
		Release|Any CPU = Release|Any CPU
	EndGlobalSection
	GlobalSection(SolutionProperties) = preSolution
		HideSolutionNode = FALSE
	EndGlobalSection
	GlobalSection(ProjectConfigurationPlatforms) = postSolution
		{BBD4673E-DD70-4398-BAE6-B49CA02E6239}.Debug|Any CPU.ActiveCfg = Debug|Any CPU
		{BBD4673E-DD70-4398-BAE6-B49CA02E6239}.Debug|Any CPU.Build.0 = Debug|Any CPU
		{BBD4673E-DD70-4398-BAE6-B49CA02E6239}.Release|Any CPU.ActiveCfg = Release|Any CPU
		{BBD4673E-DD70-4398-BAE6-B49CA02E6239}.Release|Any CPU.Build.0 = Release|Any CPU
	EndGlobalSection
	GlobalSection(NestedProjects) = preSolution
		{BBD4673E-DD70-4398-BAE6-B49CA02E6239} = {7F3AA325-4E93-4CF8-914A-27B940A4EFBA}
	EndGlobalSection
EndGlobal
